// !$*UTF8*$!
{
	archiveVersion = 1;
	classes = {};
	objectVersion = 56;
	objects = {

/* Begin PBXBuildFile section */
		A10000000000000000000101 /* PocketTrayApp.swift in Sources */ = {isa = PBXBuildFile; fileRef = A10000000000000000000001 /* PocketTrayApp.swift */; };
		A10000000000000000000102 /* RootView.swift in Sources */ = {isa = PBXBuildFile; fileRef = A10000000000000000000002 /* RootView.swift */; };
		A10000000000000000000103 /* TrayCaptureTests.swift in Sources */ = {isa = PBXBuildFile; fileRef = A10000000000000000000003 /* TrayCaptureTests.swift */; };
		A10000000000000000000104 /* Tray.swift in Sources */ = {isa = PBXBuildFile; fileRef = A10000000000000000000006 /* Tray.swift */; };
		A10000000000000000000105 /* TrayPersistence.swift in Sources */ = {isa = PBXBuildFile; fileRef = A10000000000000000000007 /* TrayPersistence.swift */; };
		A10000000000000000000106 /* ShareCapture.swift in Sources */ = {isa = PBXBuildFile; fileRef = A10000000000000000000008 /* ShareCapture.swift */; };
		A10000000000000000000107 /* ImageAsset.swift in Sources */ = {isa = PBXBuildFile; fileRef = A10000000000000000000009 /* ImageAsset.swift */; };
		A10000000000000000000108 /* ImagePayloadTests.swift in Sources */ = {isa = PBXBuildFile; fileRef = A1000000000000000000000A /* ImagePayloadTests.swift */; };
		A1000000000000000000013A /* TrayCollectionSearchTests.swift in Sources */ = {isa = PBXBuildFile; fileRef = A1000000000000000000002A /* TrayCollectionSearchTests.swift */; };
		A1000000000000000000013B /* TrayLifecycleTests.swift in Sources */ = {isa = PBXBuildFile; fileRef = A1000000000000000000002B /* TrayLifecycleTests.swift */; };
		A1000000000000000000013C /* TrayPersistenceTests.swift in Sources */ = {isa = PBXBuildFile; fileRef = A1000000000000000000002C /* TrayPersistenceTests.swift */; };
		A1000000000000000000013D /* ImageCapturePersistenceTests.swift in Sources */ = {isa = PBXBuildFile; fileRef = A1000000000000000000002D /* ImageCapturePersistenceTests.swift */; };
		A1000000000000000000013E /* ImageCaptureFailureModeTests.swift in Sources */ = {isa = PBXBuildFile; fileRef = A1000000000000000000002E /* ImageCaptureFailureModeTests.swift */; };
		A1000000000000000000013F /* ImageShareCaptureTests.swift in Sources */ = {isa = PBXBuildFile; fileRef = A1000000000000000000002F /* ImageShareCaptureTests.swift */; };
		A10000000000000000000140 /* ImageLoadingTests.swift in Sources */ = {isa = PBXBuildFile; fileRef = A10000000000000000000030 /* ImageLoadingTests.swift */; };
		A10000000000000000000141 /* PocketTrayShellTests.swift in Sources */ = {isa = PBXBuildFile; fileRef = A10000000000000000000031 /* PocketTrayShellTests.swift */; };
		A10000000000000000000142 /* PocketTrayUITestFixtures.swift in Sources */ = {isa = PBXBuildFile; fileRef = A10000000000000000000032 /* PocketTrayUITestFixtures.swift */; };
		A10000000000000000000143 /* SearchViews.swift in Sources */ = {isa = PBXBuildFile; fileRef = A10000000000000000000033 /* SearchViews.swift */; };
		A10000000000000000000144 /* OnboardingViews.swift in Sources */ = {isa = PBXBuildFile; fileRef = A10000000000000000000034 /* OnboardingViews.swift */; };
		A10000000000000000000109 /* AssetStore.swift in Sources */ = {isa = PBXBuildFile; fileRef = A1000000000000000000000B /* AssetStore.swift */; };
		A10000000000000000000110 /* TrayImageViews.swift in Sources */ = {isa = PBXBuildFile; fileRef = A1000000000000000000000C /* TrayImageViews.swift */; };
		A10000000000000000000111 /* NSItemProviderShareItem.swift in Sources */ = {isa = PBXBuildFile; fileRef = A1000000000000000000000D /* NSItemProviderShareItem.swift */; };
		A10000000000000000000112 /* PDFCaptureTests.swift in Sources */ = {isa = PBXBuildFile; fileRef = A1000000000000000000000E /* PDFCaptureTests.swift */; };
		A10000000000000000000113 /* PDFAsset.swift in Sources */ = {isa = PBXBuildFile; fileRef = A1000000000000000000000F /* PDFAsset.swift */; };
		A10000000000000000000114 /* TrayPDFViews.swift in Sources */ = {isa = PBXBuildFile; fileRef = A10000000000000000000010 /* TrayPDFViews.swift */; };
		A10000000000000000000115 /* ContentAnalysis.swift in Sources */ = {isa = PBXBuildFile; fileRef = A10000000000000000000011 /* ContentAnalysis.swift */; };
		A10000000000000000000116 /* ContentAnalysisTests.swift in Sources */ = {isa = PBXBuildFile; fileRef = A10000000000000000000012 /* ContentAnalysisTests.swift */; };
		A10000000000000000000117 /* AppleContentAnalyzerTests.swift in Sources */ = {isa = PBXBuildFile; fileRef = A10000000000000000000013 /* AppleContentAnalyzerTests.swift */; };
		A10000000000000000000118 /* AppleContentAnalyzer.swift in Sources */ = {isa = PBXBuildFile; fileRef = A10000000000000000000014 /* AppleContentAnalyzer.swift */; };
		A10000000000000000000119 /* SensitiveContent.swift in Sources */ = {isa = PBXBuildFile; fileRef = A10000000000000000000015 /* SensitiveContent.swift */; };
		A10000000000000000000120 /* SensitiveContentTests.swift in Sources */ = {isa = PBXBuildFile; fileRef = A10000000000000000000016 /* SensitiveContentTests.swift */; };
		A10000000000000000000121 /* AppLockTests.swift in Sources */ = {isa = PBXBuildFile; fileRef = A10000000000000000000017 /* AppLockTests.swift */; };
		A10000000000000000000122 /* AppLock.swift in Sources */ = {isa = PBXBuildFile; fileRef = A10000000000000000000018 /* AppLock.swift */; };
		A10000000000000000000123 /* SystemCaptureTests.swift in Sources */ = {isa = PBXBuildFile; fileRef = A10000000000000000000019 /* SystemCaptureTests.swift */; };
		A10000000000000000000124 /* SystemCapture.swift in Sources */ = {isa = PBXBuildFile; fileRef = A1000000000000000000001A /* SystemCapture.swift */; };
		A10000000000000000000125 /* ControlCaptureHandoff.swift in Sources */ = {isa = PBXBuildFile; fileRef = A1000000000000000000001B /* ControlCaptureHandoff.swift */; };
		A10000000000000000000126 /* CaptureFeedback.swift in Sources */ = {isa = PBXBuildFile; fileRef = A1000000000000000000001C /* CaptureFeedback.swift */; };
		A10000000000000000000127 /* TrayTextViews.swift in Sources */ = {isa = PBXBuildFile; fileRef = A1000000000000000000001D /* TrayTextViews.swift */; };
		A10000000000000000000128 /* ItemEditor.swift in Sources */ = {isa = PBXBuildFile; fileRef = A1000000000000000000001E /* ItemEditor.swift */; };
		A10000000000000000000129 /* CollectionViews.swift in Sources */ = {isa = PBXBuildFile; fileRef = A1000000000000000000001F /* CollectionViews.swift */; };
		A10000000000000000000130 /* TrayItemList.swift in Sources */ = {isa = PBXBuildFile; fileRef = A10000000000000000000020 /* TrayItemList.swift */; };
		A10000000000000000000131 /* SavedObjectShortcuts.swift in Sources */ = {isa = PBXBuildFile; fileRef = A10000000000000000000021 /* SavedObjectShortcuts.swift */; };
		A10000000000000000000132 /* DirectCapture.swift in Sources */ = {isa = PBXBuildFile; fileRef = A10000000000000000000022 /* DirectCapture.swift */; };
		A10000000000000000000133 /* DirectCaptureTests.swift in Sources */ = {isa = PBXBuildFile; fileRef = A10000000000000000000023 /* DirectCaptureTests.swift */; };
		A10000000000000000000134 /* Localizable.xcstrings in Resources */ = {isa = PBXBuildFile; fileRef = A10000000000000000000024 /* Localizable.xcstrings */; };
		A10000000000000000000135 /* TrayDomain.swift in Sources */ = {isa = PBXBuildFile; fileRef = A10000000000000000000025 /* TrayDomain.swift */; };
		A10000000000000000000136 /* TrayRepository.swift in Sources */ = {isa = PBXBuildFile; fileRef = A10000000000000000000026 /* TrayRepository.swift */; };
		A10000000000000000000137 /* TraySnapshot.swift in Sources */ = {isa = PBXBuildFile; fileRef = A10000000000000000000027 /* TraySnapshot.swift */; };
		A10000000000000000000138 /* TrayStore.swift in Sources */ = {isa = PBXBuildFile; fileRef = A10000000000000000000028 /* TrayStore.swift */; };
		A10000000000000000000139 /* InMemoryTrayRepository.swift in Sources */ = {isa = PBXBuildFile; fileRef = A10000000000000000000029 /* InMemoryTrayRepository.swift */; };
		B20000000000000000000101 /* ShareViewController.swift in Sources */ = {isa = PBXBuildFile; fileRef = B20000000000000000000001 /* ShareViewController.swift */; };
		B20000000000000000000102 /* Tray.swift in Sources */ = {isa = PBXBuildFile; fileRef = A10000000000000000000006 /* Tray.swift */; };
		B20000000000000000000103 /* TrayPersistence.swift in Sources */ = {isa = PBXBuildFile; fileRef = A10000000000000000000007 /* TrayPersistence.swift */; };
		B20000000000000000000104 /* ShareCapture.swift in Sources */ = {isa = PBXBuildFile; fileRef = A10000000000000000000008 /* ShareCapture.swift */; };
		B20000000000000000000106 /* ImageAsset.swift in Sources */ = {isa = PBXBuildFile; fileRef = A10000000000000000000009 /* ImageAsset.swift */; };
		B20000000000000000000107 /* AssetStore.swift in Sources */ = {isa = PBXBuildFile; fileRef = A1000000000000000000000B /* AssetStore.swift */; };
		B20000000000000000000108 /* NSItemProviderShareItem.swift in Sources */ = {isa = PBXBuildFile; fileRef = A1000000000000000000000D /* NSItemProviderShareItem.swift */; };
		B20000000000000000000109 /* PDFAsset.swift in Sources */ = {isa = PBXBuildFile; fileRef = A1000000000000000000000F /* PDFAsset.swift */; };
		B20000000000000000000110 /* ContentAnalysis.swift in Sources */ = {isa = PBXBuildFile; fileRef = A10000000000000000000011 /* ContentAnalysis.swift */; };
		B20000000000000000000111 /* SensitiveContent.swift in Sources */ = {isa = PBXBuildFile; fileRef = A10000000000000000000015 /* SensitiveContent.swift */; };
		B20000000000000000000112 /* Localizable.xcstrings in Resources */ = {isa = PBXBuildFile; fileRef = B20000000000000000000006 /* Localizable.xcstrings */; };
		B20000000000000000000113 /* TrayDomain.swift in Sources */ = {isa = PBXBuildFile; fileRef = A10000000000000000000025 /* TrayDomain.swift */; };
		B20000000000000000000114 /* TrayRepository.swift in Sources */ = {isa = PBXBuildFile; fileRef = A10000000000000000000026 /* TrayRepository.swift */; };
		B20000000000000000000115 /* TraySnapshot.swift in Sources */ = {isa = PBXBuildFile; fileRef = A10000000000000000000027 /* TraySnapshot.swift */; };
		B20000000000000000000116 /* TrayStore.swift in Sources */ = {isa = PBXBuildFile; fileRef = A10000000000000000000028 /* TrayStore.swift */; };
		B20000000000000000000105 /* PocketTrayShare.appex in Embed App Extensions */ = {isa = PBXBuildFile; fileRef = B20000000000000000000004 /* PocketTrayShare.appex */; settings = {ATTRIBUTES = (CodeSignOnCopy, RemoveHeadersOnCopy, ); }; };
		C30000000000000000000101 /* PocketTrayControls.swift in Sources */ = {isa = PBXBuildFile; fileRef = C30000000000000000000001 /* PocketTrayControls.swift */; };
		C30000000000000000000102 /* PocketTrayControls.appex in Embed App Extensions */ = {isa = PBXBuildFile; fileRef = C30000000000000000000003 /* PocketTrayControls.appex */; settings = {ATTRIBUTES = (CodeSignOnCopy, RemoveHeadersOnCopy, ); }; };
		C30000000000000000000103 /* ControlCaptureHandoff.swift in Sources */ = {isa = PBXBuildFile; fileRef = A1000000000000000000001B /* ControlCaptureHandoff.swift */; };
		C30000000000000000000104 /* Localizable.xcstrings in Resources */ = {isa = PBXBuildFile; fileRef = C30000000000000000000005 /* Localizable.xcstrings */; };
		D40000000000000000000101 /* PocketTrayShellUITests.swift in Sources */ = {isa = PBXBuildFile; fileRef = D40000000000000000000001 /* PocketTrayShellUITests.swift */; };
/* End PBXBuildFile section */

/* Begin PBXContainerItemProxy section */
		A10000000000000000000201 /* PBXContainerItemProxy */ = {
			isa = PBXContainerItemProxy;
			containerPortal = A10000000000000000000601 /* Project object */;
			proxyType = 1;
			remoteGlobalIDString = A10000000000000000000401;
			remoteInfo = PocketTray;
		};
		B20000000000000000000201 /* PBXContainerItemProxy */ = {
			isa = PBXContainerItemProxy;
			containerPortal = A10000000000000000000601 /* Project object */;
			proxyType = 1;
			remoteGlobalIDString = B20000000000000000000401;
			remoteInfo = PocketTrayShare;
		};
		C30000000000000000000201 /* PBXContainerItemProxy */ = {
			isa = PBXContainerItemProxy;
			containerPortal = A10000000000000000000601 /* Project object */;
			proxyType = 1;
			remoteGlobalIDString = C30000000000000000000401;
			remoteInfo = PocketTrayControls;
		};
		D40000000000000000000201 /* PBXContainerItemProxy */ = {
			isa = PBXContainerItemProxy;
			containerPortal = A10000000000000000000601 /* Project object */;
			proxyType = 1;
			remoteGlobalIDString = A10000000000000000000401;
			remoteInfo = PocketTray;
		};
/* End PBXContainerItemProxy section */

/* Begin PBXFileReference section */
		A10000000000000000000001 /* PocketTrayApp.swift */ = {isa = PBXFileReference; lastKnownFileType = sourcecode.swift; path = PocketTrayApp.swift; sourceTree = "<group>"; };
		A10000000000000000000002 /* RootView.swift */ = {isa = PBXFileReference; lastKnownFileType = sourcecode.swift; path = RootView.swift; sourceTree = "<group>"; };
		A10000000000000000000003 /* TrayCaptureTests.swift */ = {isa = PBXFileReference; lastKnownFileType = sourcecode.swift; path = TrayCaptureTests.swift; sourceTree = "<group>"; };
		A10000000000000000000004 /* PocketTray.app */ = {isa = PBXFileReference; explicitFileType = wrapper.application; includeInIndex = 0; path = PocketTray.app; sourceTree = BUILT_PRODUCTS_DIR; };
		A10000000000000000000005 /* PocketTrayTests.xctest */ = {isa = PBXFileReference; explicitFileType = wrapper.cfbundle; includeInIndex = 0; path = PocketTrayTests.xctest; sourceTree = BUILT_PRODUCTS_DIR; };
		A10000000000000000000006 /* Tray.swift */ = {isa = PBXFileReference; lastKnownFileType = sourcecode.swift; path = Tray.swift; sourceTree = "<group>"; };
		A10000000000000000000007 /* TrayPersistence.swift */ = {isa = PBXFileReference; lastKnownFileType = sourcecode.swift; path = TrayPersistence.swift; sourceTree = "<group>"; };
		A10000000000000000000008 /* ShareCapture.swift */ = {isa = PBXFileReference; lastKnownFileType = sourcecode.swift; path = ShareCapture.swift; sourceTree = "<group>"; };
		A10000000000000000000009 /* ImageAsset.swift */ = {isa = PBXFileReference; lastKnownFileType = sourcecode.swift; path = ImageAsset.swift; sourceTree = "<group>"; };
		A1000000000000000000000A /* ImagePayloadTests.swift */ = {isa = PBXFileReference; lastKnownFileType = sourcecode.swift; path = ImagePayloadTests.swift; sourceTree = "<group>"; };
		A1000000000000000000002A /* TrayCollectionSearchTests.swift */ = {isa = PBXFileReference; lastKnownFileType = sourcecode.swift; path = TrayCollectionSearchTests.swift; sourceTree = "<group>"; };
		A1000000000000000000002B /* TrayLifecycleTests.swift */ = {isa = PBXFileReference; lastKnownFileType = sourcecode.swift; path = TrayLifecycleTests.swift; sourceTree = "<group>"; };
		A1000000000000000000002C /* TrayPersistenceTests.swift */ = {isa = PBXFileReference; lastKnownFileType = sourcecode.swift; path = TrayPersistenceTests.swift; sourceTree = "<group>"; };
		A1000000000000000000002D /* ImageCapturePersistenceTests.swift */ = {isa = PBXFileReference; lastKnownFileType = sourcecode.swift; path = ImageCapturePersistenceTests.swift; sourceTree = "<group>"; };
		A1000000000000000000002E /* ImageCaptureFailureModeTests.swift */ = {isa = PBXFileReference; lastKnownFileType = sourcecode.swift; path = ImageCaptureFailureModeTests.swift; sourceTree = "<group>"; };
		A1000000000000000000002F /* ImageShareCaptureTests.swift */ = {isa = PBXFileReference; lastKnownFileType = sourcecode.swift; path = ImageShareCaptureTests.swift; sourceTree = "<group>"; };
		A10000000000000000000030 /* ImageLoadingTests.swift */ = {isa = PBXFileReference; lastKnownFileType = sourcecode.swift; path = ImageLoadingTests.swift; sourceTree = "<group>"; };
		A10000000000000000000031 /* PocketTrayShellTests.swift */ = {isa = PBXFileReference; lastKnownFileType = sourcecode.swift; path = PocketTrayShellTests.swift; sourceTree = "<group>"; };
		A10000000000000000000032 /* PocketTrayUITestFixtures.swift */ = {isa = PBXFileReference; lastKnownFileType = sourcecode.swift; path = PocketTrayUITestFixtures.swift; sourceTree = "<group>"; };
		A10000000000000000000033 /* SearchViews.swift */ = {isa = PBXFileReference; lastKnownFileType = sourcecode.swift; path = SearchViews.swift; sourceTree = "<group>"; };
		A10000000000000000000034 /* OnboardingViews.swift */ = {isa = PBXFileReference; lastKnownFileType = sourcecode.swift; path = OnboardingViews.swift; sourceTree = "<group>"; };
		A1000000000000000000000B /* AssetStore.swift */ = {isa = PBXFileReference; lastKnownFileType = sourcecode.swift; path = AssetStore.swift; sourceTree = "<group>"; };
		A1000000000000000000000C /* TrayImageViews.swift */ = {isa = PBXFileReference; lastKnownFileType = sourcecode.swift; path = TrayImageViews.swift; sourceTree = "<group>"; };
		A1000000000000000000000D /* NSItemProviderShareItem.swift */ = {isa = PBXFileReference; lastKnownFileType = sourcecode.swift; path = NSItemProviderShareItem.swift; sourceTree = "<group>"; };
		A1000000000000000000000E /* PDFCaptureTests.swift */ = {isa = PBXFileReference; lastKnownFileType = sourcecode.swift; path = PDFCaptureTests.swift; sourceTree = "<group>"; };
		A1000000000000000000000F /* PDFAsset.swift */ = {isa = PBXFileReference; lastKnownFileType = sourcecode.swift; path = PDFAsset.swift; sourceTree = "<group>"; };
		A10000000000000000000010 /* TrayPDFViews.swift */ = {isa = PBXFileReference; lastKnownFileType = sourcecode.swift; path = TrayPDFViews.swift; sourceTree = "<group>"; };
		A10000000000000000000011 /* ContentAnalysis.swift */ = {isa = PBXFileReference; lastKnownFileType = sourcecode.swift; path = ContentAnalysis.swift; sourceTree = "<group>"; };
		A10000000000000000000012 /* ContentAnalysisTests.swift */ = {isa = PBXFileReference; lastKnownFileType = sourcecode.swift; path = ContentAnalysisTests.swift; sourceTree = "<group>"; };
		A10000000000000000000013 /* AppleContentAnalyzerTests.swift */ = {isa = PBXFileReference; lastKnownFileType = sourcecode.swift; path = AppleContentAnalyzerTests.swift; sourceTree = "<group>"; };
		A10000000000000000000014 /* AppleContentAnalyzer.swift */ = {isa = PBXFileReference; lastKnownFileType = sourcecode.swift; path = AppleContentAnalyzer.swift; sourceTree = "<group>"; };
		A10000000000000000000015 /* SensitiveContent.swift */ = {isa = PBXFileReference; lastKnownFileType = sourcecode.swift; path = SensitiveContent.swift; sourceTree = "<group>"; };
		A10000000000000000000016 /* SensitiveContentTests.swift */ = {isa = PBXFileReference; lastKnownFileType = sourcecode.swift; path = SensitiveContentTests.swift; sourceTree = "<group>"; };
		A10000000000000000000017 /* AppLockTests.swift */ = {isa = PBXFileReference; lastKnownFileType = sourcecode.swift; path = AppLockTests.swift; sourceTree = "<group>"; };
		A10000000000000000000018 /* AppLock.swift */ = {isa = PBXFileReference; lastKnownFileType = sourcecode.swift; path = AppLock.swift; sourceTree = "<group>"; };
		A10000000000000000000019 /* SystemCaptureTests.swift */ = {isa = PBXFileReference; lastKnownFileType = sourcecode.swift; path = SystemCaptureTests.swift; sourceTree = "<group>"; };
		A1000000000000000000001A /* SystemCapture.swift */ = {isa = PBXFileReference; lastKnownFileType = sourcecode.swift; path = SystemCapture.swift; sourceTree = "<group>"; };
		A1000000000000000000001B /* ControlCaptureHandoff.swift */ = {isa = PBXFileReference; lastKnownFileType = sourcecode.swift; path = ControlCaptureHandoff.swift; sourceTree = "<group>"; };
		A1000000000000000000001C /* CaptureFeedback.swift */ = {isa = PBXFileReference; lastKnownFileType = sourcecode.swift; path = CaptureFeedback.swift; sourceTree = "<group>"; };
		A1000000000000000000001D /* TrayTextViews.swift */ = {isa = PBXFileReference; lastKnownFileType = sourcecode.swift; path = TrayTextViews.swift; sourceTree = "<group>"; };
		A1000000000000000000001E /* ItemEditor.swift */ = {isa = PBXFileReference; lastKnownFileType = sourcecode.swift; path = ItemEditor.swift; sourceTree = "<group>"; };
		A1000000000000000000001F /* CollectionViews.swift */ = {isa = PBXFileReference; lastKnownFileType = sourcecode.swift; path = CollectionViews.swift; sourceTree = "<group>"; };
		A10000000000000000000020 /* TrayItemList.swift */ = {isa = PBXFileReference; lastKnownFileType = sourcecode.swift; path = TrayItemList.swift; sourceTree = "<group>"; };
		A10000000000000000000021 /* SavedObjectShortcuts.swift */ = {isa = PBXFileReference; lastKnownFileType = sourcecode.swift; path = SavedObjectShortcuts.swift; sourceTree = "<group>"; };
		A10000000000000000000022 /* DirectCapture.swift */ = {isa = PBXFileReference; lastKnownFileType = sourcecode.swift; path = DirectCapture.swift; sourceTree = "<group>"; };
		A10000000000000000000023 /* DirectCaptureTests.swift */ = {isa = PBXFileReference; lastKnownFileType = sourcecode.swift; path = DirectCaptureTests.swift; sourceTree = "<group>"; };
		A10000000000000000000024 /* Localizable.xcstrings */ = {isa = PBXFileReference; lastKnownFileType = text.json.xcstrings; path = Localizable.xcstrings; sourceTree = "<group>"; };
		A10000000000000000000025 /* TrayDomain.swift */ = {isa = PBXFileReference; lastKnownFileType = sourcecode.swift; path = TrayDomain.swift; sourceTree = "<group>"; };
		A10000000000000000000026 /* TrayRepository.swift */ = {isa = PBXFileReference; lastKnownFileType = sourcecode.swift; path = TrayRepository.swift; sourceTree = "<group>"; };
		A10000000000000000000027 /* TraySnapshot.swift */ = {isa = PBXFileReference; lastKnownFileType = sourcecode.swift; path = TraySnapshot.swift; sourceTree = "<group>"; };
		A10000000000000000000028 /* TrayStore.swift */ = {isa = PBXFileReference; lastKnownFileType = sourcecode.swift; path = TrayStore.swift; sourceTree = "<group>"; };
		A10000000000000000000029 /* InMemoryTrayRepository.swift */ = {isa = PBXFileReference; lastKnownFileType = sourcecode.swift; path = InMemoryTrayRepository.swift; sourceTree = "<group>"; };
		B20000000000000000000001 /* ShareViewController.swift */ = {isa = PBXFileReference; lastKnownFileType = sourcecode.swift; path = ShareViewController.swift; sourceTree = "<group>"; };
		B20000000000000000000002 /* Info.plist */ = {isa = PBXFileReference; lastKnownFileType = text.plist.xml; path = Info.plist; sourceTree = "<group>"; };
		B20000000000000000000003 /* PocketTrayShare.entitlements */ = {isa = PBXFileReference; lastKnownFileType = text.plist.entitlements; path = PocketTrayShare.entitlements; sourceTree = "<group>"; };
		B20000000000000000000004 /* PocketTrayShare.appex */ = {isa = PBXFileReference; explicitFileType = "wrapper.app-extension"; includeInIndex = 0; path = PocketTrayShare.appex; sourceTree = BUILT_PRODUCTS_DIR; };
		B20000000000000000000005 /* PocketTray.entitlements */ = {isa = PBXFileReference; lastKnownFileType = text.plist.entitlements; path = PocketTray.entitlements; sourceTree = "<group>"; };
		B20000000000000000000006 /* Localizable.xcstrings */ = {isa = PBXFileReference; lastKnownFileType = text.json.xcstrings; path = Localizable.xcstrings; sourceTree = "<group>"; };
		C30000000000000000000001 /* PocketTrayControls.swift */ = {isa = PBXFileReference; lastKnownFileType = sourcecode.swift; path = PocketTrayControls.swift; sourceTree = "<group>"; };
		C30000000000000000000002 /* Info.plist */ = {isa = PBXFileReference; lastKnownFileType = text.plist.xml; path = Info.plist; sourceTree = "<group>"; };
		C30000000000000000000003 /* PocketTrayControls.appex */ = {isa = PBXFileReference; explicitFileType = "wrapper.app-extension"; includeInIndex = 0; path = PocketTrayControls.appex; sourceTree = BUILT_PRODUCTS_DIR; };
		C30000000000000000000004 /* PocketTrayControls.entitlements */ = {isa = PBXFileReference; lastKnownFileType = text.plist.entitlements; path = PocketTrayControls.entitlements; sourceTree = "<group>"; };
		C30000000000000000000005 /* Localizable.xcstrings */ = {isa = PBXFileReference; lastKnownFileType = text.json.xcstrings; path = Localizable.xcstrings; sourceTree = "<group>"; };
		D40000000000000000000001 /* PocketTrayShellUITests.swift */ = {isa = PBXFileReference; lastKnownFileType = sourcecode.swift; path = PocketTrayShellUITests.swift; sourceTree = "<group>"; };
		D40000000000000000000002 /* PocketTrayUITests.xctest */ = {isa = PBXFileReference; explicitFileType = wrapper.cfbundle; includeInIndex = 0; path = PocketTrayUITests.xctest; sourceTree = BUILT_PRODUCTS_DIR; };
/* End PBXFileReference section */

/* Begin PBXFrameworksBuildPhase section */
		A10000000000000000000211 /* Frameworks */ = {isa = PBXFrameworksBuildPhase; buildActionMask = 2147483647; files = (); runOnlyForDeploymentPostprocessing = 0; };
		A10000000000000000000212 /* Frameworks */ = {isa = PBXFrameworksBuildPhase; buildActionMask = 2147483647; files = (); runOnlyForDeploymentPostprocessing = 0; };
		B20000000000000000000211 /* Frameworks */ = {isa = PBXFrameworksBuildPhase; buildActionMask = 2147483647; files = (); runOnlyForDeploymentPostprocessing = 0; };
		C30000000000000000000211 /* Frameworks */ = {isa = PBXFrameworksBuildPhase; buildActionMask = 2147483647; files = (); runOnlyForDeploymentPostprocessing = 0; };
		D40000000000000000000211 /* Frameworks */ = {isa = PBXFrameworksBuildPhase; buildActionMask = 2147483647; files = (); runOnlyForDeploymentPostprocessing = 0; };
/* End PBXFrameworksBuildPhase section */

/* Begin PBXCopyFilesBuildPhase section */
		B20000000000000000000213 /* Embed App Extensions */ = {
			isa = PBXCopyFilesBuildPhase;
			buildActionMask = 2147483647;
			dstPath = "";
			dstSubfolderSpec = 13;
			files = (B20000000000000000000105 /* PocketTrayShare.appex in Embed App Extensions */, C30000000000000000000102 /* PocketTrayControls.appex in Embed App Extensions */);
			name = "Embed App Extensions";
			runOnlyForDeploymentPostprocessing = 0;
		};
/* End PBXCopyFilesBuildPhase section */

/* Begin PBXGroup section */
		A10000000000000000000301 = {
			isa = PBXGroup;
			children = (
				A10000000000000000000302 /* PocketTray */,
				B20000000000000000000301 /* PocketTrayShare */,
				C30000000000000000000301 /* PocketTrayControls */,
				A10000000000000000000303 /* PocketTrayTests */,
				D40000000000000000000301 /* PocketTrayUITests */,
				A10000000000000000000304 /* Products */,
			);
			sourceTree = "<group>";
		};
		A10000000000000000000302 /* PocketTray */ = {
			isa = PBXGroup;
			children = (
				A10000000000000000000001 /* PocketTrayApp.swift */,
				A10000000000000000000032 /* PocketTrayUITestFixtures.swift */,
				A10000000000000000000033 /* SearchViews.swift */,
				A10000000000000000000034 /* OnboardingViews.swift */,
				A10000000000000000000002 /* RootView.swift */,
				A1000000000000000000001C /* CaptureFeedback.swift */,
				A1000000000000000000001D /* TrayTextViews.swift */,
				A1000000000000000000001E /* ItemEditor.swift */,
				A1000000000000000000001F /* CollectionViews.swift */,
				A10000000000000000000020 /* TrayItemList.swift */,
				A10000000000000000000021 /* SavedObjectShortcuts.swift */,
				A10000000000000000000022 /* DirectCapture.swift */,
				A10000000000000000000024 /* Localizable.xcstrings */,
				A10000000000000000000025 /* TrayDomain.swift */,
				A10000000000000000000026 /* TrayRepository.swift */,
				A10000000000000000000027 /* TraySnapshot.swift */,
				A10000000000000000000028 /* TrayStore.swift */,
				A10000000000000000000029 /* InMemoryTrayRepository.swift */,
				A10000000000000000000006 /* Tray.swift */,
				A10000000000000000000007 /* TrayPersistence.swift */,
				A10000000000000000000008 /* ShareCapture.swift */,
				A10000000000000000000009 /* ImageAsset.swift */,
				A1000000000000000000000B /* AssetStore.swift */,
				A1000000000000000000000C /* TrayImageViews.swift */,
				A1000000000000000000000D /* NSItemProviderShareItem.swift */,
				A1000000000000000000000F /* PDFAsset.swift */,
				A10000000000000000000010 /* TrayPDFViews.swift */,
				A10000000000000000000011 /* ContentAnalysis.swift */,
				A10000000000000000000014 /* AppleContentAnalyzer.swift */,
				A10000000000000000000015 /* SensitiveContent.swift */,
				A10000000000000000000018 /* AppLock.swift */,
				A1000000000000000000001A /* SystemCapture.swift */,
				A1000000000000000000001B /* ControlCaptureHandoff.swift */,
				B20000000000000000000005 /* PocketTray.entitlements */,
			);
			path = PocketTray;
			sourceTree = "<group>";
		};
		B20000000000000000000301 /* PocketTrayShare */ = {
			isa = PBXGroup;
			children = (
				B20000000000000000000001 /* ShareViewController.swift */,
				B20000000000000000000002 /* Info.plist */,
				B20000000000000000000003 /* PocketTrayShare.entitlements */,
				B20000000000000000000006 /* Localizable.xcstrings */,
			);
			path = PocketTrayShare;
			sourceTree = "<group>";
		};
		C30000000000000000000301 /* PocketTrayControls */ = {
			isa = PBXGroup;
			children = (
				C30000000000000000000001 /* PocketTrayControls.swift */,
				C30000000000000000000002 /* Info.plist */,
				C30000000000000000000004 /* PocketTrayControls.entitlements */,
				C30000000000000000000005 /* Localizable.xcstrings */,
			);
			path = PocketTrayControls;
			sourceTree = "<group>";
		};
		A10000000000000000000303 /* PocketTrayTests */ = {
			isa = PBXGroup;
			children = (A10000000000000000000003 /* TrayCaptureTests.swift */, A1000000000000000000002A /* TrayCollectionSearchTests.swift */, A1000000000000000000002B /* TrayLifecycleTests.swift */, A1000000000000000000002C /* TrayPersistenceTests.swift */, A1000000000000000000000A /* ImagePayloadTests.swift */, A1000000000000000000002D /* ImageCapturePersistenceTests.swift */, A1000000000000000000002E /* ImageCaptureFailureModeTests.swift */, A1000000000000000000002F /* ImageShareCaptureTests.swift */, A10000000000000000000030 /* ImageLoadingTests.swift */, A10000000000000000000031 /* PocketTrayShellTests.swift */, A1000000000000000000000E /* PDFCaptureTests.swift */, A10000000000000000000012 /* ContentAnalysisTests.swift */, A10000000000000000000013 /* AppleContentAnalyzerTests.swift */, A10000000000000000000016 /* SensitiveContentTests.swift */, A10000000000000000000017 /* AppLockTests.swift */, A10000000000000000000019 /* SystemCaptureTests.swift */, A10000000000000000000023 /* DirectCaptureTests.swift */);
			path = PocketTrayTests;
			sourceTree = "<group>";
		};
		A10000000000000000000304 /* Products */ = {
			isa = PBXGroup;
			children = (
				A10000000000000000000004 /* PocketTray.app */,
				A10000000000000000000005 /* PocketTrayTests.xctest */,
				B20000000000000000000004 /* PocketTrayShare.appex */,
				C30000000000000000000003 /* PocketTrayControls.appex */,
				D40000000000000000000002 /* PocketTrayUITests.xctest */,
			);
			name = Products;
			sourceTree = "<group>";
		};
		D40000000000000000000301 /* PocketTrayUITests */ = {
			isa = PBXGroup;
			children = (D40000000000000000000001 /* PocketTrayShellUITests.swift */);
			path = PocketTrayUITests;
			sourceTree = "<group>";
		};
/* End PBXGroup section */

/* Begin PBXNativeTarget section */
		A10000000000000000000401 /* PocketTray */ = {
			isa = PBXNativeTarget;
			buildConfigurationList = A10000000000000000000701 /* Build configuration list for PBXNativeTarget "PocketTray" */;
			buildPhases = (
				A10000000000000000000501 /* Sources */,
				A10000000000000000000211 /* Frameworks */,
				A10000000000000000000503 /* Resources */,
				B20000000000000000000213 /* Embed App Extensions */,
			);
			buildRules = ();
			dependencies = (B20000000000000000000202 /* PBXTargetDependency */, C30000000000000000000202 /* PBXTargetDependency */);
			name = PocketTray;
			productName = PocketTray;
			productReference = A10000000000000000000004 /* PocketTray.app */;
			productType = "com.apple.product-type.application";
		};
		B20000000000000000000401 /* PocketTrayShare */ = {
			isa = PBXNativeTarget;
			buildConfigurationList = B20000000000000000000701 /* Build configuration list for PBXNativeTarget "PocketTrayShare" */;
			buildPhases = (
				B20000000000000000000501 /* Sources */,
				B20000000000000000000211 /* Frameworks */,
				B20000000000000000000503 /* Resources */,
			);
			buildRules = ();
			dependencies = ();
			name = PocketTrayShare;
			productName = PocketTrayShare;
			productReference = B20000000000000000000004 /* PocketTrayShare.appex */;
			productType = "com.apple.product-type.app-extension";
		};
		C30000000000000000000401 /* PocketTrayControls */ = {
			isa = PBXNativeTarget;
			buildConfigurationList = C30000000000000000000701 /* Build configuration list for PBXNativeTarget "PocketTrayControls" */;
			buildPhases = (
				C30000000000000000000501 /* Sources */,
				C30000000000000000000211 /* Frameworks */,
				C30000000000000000000503 /* Resources */,
			);
			buildRules = ();
			dependencies = ();
			name = PocketTrayControls;
			productName = PocketTrayControls;
			productReference = C30000000000000000000003 /* PocketTrayControls.appex */;
			productType = "com.apple.product-type.app-extension";
		};
		A10000000000000000000402 /* PocketTrayTests */ = {
			isa = PBXNativeTarget;
			buildConfigurationList = A10000000000000000000702 /* Build configuration list for PBXNativeTarget "PocketTrayTests" */;
			buildPhases = (
				A10000000000000000000502 /* Sources */,
				A10000000000000000000212 /* Frameworks */,
				A10000000000000000000504 /* Resources */,
			);
			buildRules = ();
			dependencies = (A10000000000000000000202 /* PBXTargetDependency */);
			name = PocketTrayTests;
			productName = PocketTrayTests;
			productReference = A10000000000000000000005 /* PocketTrayTests.xctest */;
			productType = "com.apple.product-type.bundle.unit-test";
		};
		D40000000000000000000401 /* PocketTrayUITests */ = {
			isa = PBXNativeTarget;
			buildConfigurationList = D40000000000000000000701 /* Build configuration list for PBXNativeTarget "PocketTrayUITests" */;
			buildPhases = (
				D40000000000000000000501 /* Sources */,
				D40000000000000000000211 /* Frameworks */,
				D40000000000000000000503 /* Resources */,
			);
			buildRules = ();
			dependencies = (D40000000000000000000202 /* PBXTargetDependency */);
			name = PocketTrayUITests;
			productName = PocketTrayUITests;
			productReference = D40000000000000000000002 /* PocketTrayUITests.xctest */;
			productType = "com.apple.product-type.bundle.ui-testing";
		};
/* End PBXNativeTarget section */

/* Begin PBXProject section */
		A10000000000000000000601 /* Project object */ = {
			isa = PBXProject;
			attributes = {
				BuildIndependentTargetsInParallel = 1;
				LastSwiftUpdateCheck = 2610;
				LastUpgradeCheck = 2610;
				TargetAttributes = {
					A10000000000000000000401 = {CreatedOnToolsVersion = 26.1;};
					A10000000000000000000402 = {CreatedOnToolsVersion = 26.1; TestTargetID = A10000000000000000000401;};
					B20000000000000000000401 = {CreatedOnToolsVersion = 26.1;};
					C30000000000000000000401 = {CreatedOnToolsVersion = 26.1;};
					D40000000000000000000401 = {CreatedOnToolsVersion = 26.1; TestTargetID = A10000000000000000000401;};
				};
			};
			buildConfigurationList = A10000000000000000000703 /* Build configuration list for PBXProject "PocketTray" */;
			compatibilityVersion = "Xcode 14.0";
			developmentRegion = en;
			hasScannedForEncodings = 0;
			knownRegions = (en, Base);
			mainGroup = A10000000000000000000301;
			productRefGroup = A10000000000000000000304 /* Products */;
			projectDirPath = "";
			projectRoot = "";
			targets = (
				A10000000000000000000401 /* PocketTray */,
				A10000000000000000000402 /* PocketTrayTests */,
				B20000000000000000000401 /* PocketTrayShare */,
				C30000000000000000000401 /* PocketTrayControls */,
				D40000000000000000000401 /* PocketTrayUITests */,
			);
		};
/* End PBXProject section */

/* Begin PBXResourcesBuildPhase section */
		A10000000000000000000503 /* Resources */ = {isa = PBXResourcesBuildPhase; buildActionMask = 2147483647; files = (A10000000000000000000134 /* Localizable.xcstrings in Resources */); runOnlyForDeploymentPostprocessing = 0; };
		A10000000000000000000504 /* Resources */ = {isa = PBXResourcesBuildPhase; buildActionMask = 2147483647; files = (); runOnlyForDeploymentPostprocessing = 0; };
		B20000000000000000000503 /* Resources */ = {isa = PBXResourcesBuildPhase; buildActionMask = 2147483647; files = (B20000000000000000000112 /* Localizable.xcstrings in Resources */); runOnlyForDeploymentPostprocessing = 0; };
		C30000000000000000000503 /* Resources */ = {isa = PBXResourcesBuildPhase; buildActionMask = 2147483647; files = (C30000000000000000000104 /* Localizable.xcstrings in Resources */); runOnlyForDeploymentPostprocessing = 0; };
		D40000000000000000000503 /* Resources */ = {isa = PBXResourcesBuildPhase; buildActionMask = 2147483647; files = (); runOnlyForDeploymentPostprocessing = 0; };
/* End PBXResourcesBuildPhase section */

/* Begin PBXSourcesBuildPhase section */
		A10000000000000000000501 /* Sources */ = {isa = PBXSourcesBuildPhase; buildActionMask = 2147483647; files = (A10000000000000000000101 /* PocketTrayApp.swift in Sources */, A10000000000000000000142 /* PocketTrayUITestFixtures.swift in Sources */, A10000000000000000000143 /* SearchViews.swift in Sources */, A10000000000000000000144 /* OnboardingViews.swift in Sources */, A10000000000000000000102 /* RootView.swift in Sources */, A10000000000000000000126 /* CaptureFeedback.swift in Sources */, A10000000000000000000127 /* TrayTextViews.swift in Sources */, A10000000000000000000128 /* ItemEditor.swift in Sources */, A10000000000000000000129 /* CollectionViews.swift in Sources */, A10000000000000000000130 /* TrayItemList.swift in Sources */, A10000000000000000000131 /* SavedObjectShortcuts.swift in Sources */, A10000000000000000000132 /* DirectCapture.swift in Sources */, A10000000000000000000104 /* Tray.swift in Sources */, A10000000000000000000135 /* TrayDomain.swift in Sources */, A10000000000000000000136 /* TrayRepository.swift in Sources */, A10000000000000000000137 /* TraySnapshot.swift in Sources */, A10000000000000000000138 /* TrayStore.swift in Sources */, A10000000000000000000139 /* InMemoryTrayRepository.swift in Sources */, A10000000000000000000105 /* TrayPersistence.swift in Sources */, A10000000000000000000106 /* ShareCapture.swift in Sources */, A10000000000000000000107 /* ImageAsset.swift in Sources */, A10000000000000000000109 /* AssetStore.swift in Sources */, A10000000000000000000110 /* TrayImageViews.swift in Sources */, A10000000000000000000111 /* NSItemProviderShareItem.swift in Sources */, A10000000000000000000113 /* PDFAsset.swift in Sources */, A10000000000000000000114 /* TrayPDFViews.swift in Sources */, A10000000000000000000115 /* ContentAnalysis.swift in Sources */, A10000000000000000000118 /* AppleContentAnalyzer.swift in Sources */, A10000000000000000000119 /* SensitiveContent.swift in Sources */, A10000000000000000000122 /* AppLock.swift in Sources */, A10000000000000000000124 /* SystemCapture.swift in Sources */, A10000000000000000000125 /* ControlCaptureHandoff.swift in Sources */); runOnlyForDeploymentPostprocessing = 0; };
		A10000000000000000000502 /* Sources */ = {isa = PBXSourcesBuildPhase; buildActionMask = 2147483647; files = (A10000000000000000000103 /* TrayCaptureTests.swift in Sources */, A1000000000000000000013A /* TrayCollectionSearchTests.swift in Sources */, A1000000000000000000013B /* TrayLifecycleTests.swift in Sources */, A1000000000000000000013C /* TrayPersistenceTests.swift in Sources */, A10000000000000000000108 /* ImagePayloadTests.swift in Sources */, A1000000000000000000013D /* ImageCapturePersistenceTests.swift in Sources */, A1000000000000000000013E /* ImageCaptureFailureModeTests.swift in Sources */, A1000000000000000000013F /* ImageShareCaptureTests.swift in Sources */, A10000000000000000000140 /* ImageLoadingTests.swift in Sources */, A10000000000000000000141 /* PocketTrayShellTests.swift in Sources */, A10000000000000000000112 /* PDFCaptureTests.swift in Sources */, A10000000000000000000116 /* ContentAnalysisTests.swift in Sources */, A10000000000000000000117 /* AppleContentAnalyzerTests.swift in Sources */, A10000000000000000000120 /* SensitiveContentTests.swift in Sources */, A10000000000000000000121 /* AppLockTests.swift in Sources */, A10000000000000000000123 /* SystemCaptureTests.swift in Sources */, A10000000000000000000133 /* DirectCaptureTests.swift in Sources */); runOnlyForDeploymentPostprocessing = 0; };
		B20000000000000000000501 /* Sources */ = {isa = PBXSourcesBuildPhase; buildActionMask = 2147483647; files = (B20000000000000000000101 /* ShareViewController.swift in Sources */, B20000000000000000000102 /* Tray.swift in Sources */, B20000000000000000000113 /* TrayDomain.swift in Sources */, B20000000000000000000114 /* TrayRepository.swift in Sources */, B20000000000000000000115 /* TraySnapshot.swift in Sources */, B20000000000000000000116 /* TrayStore.swift in Sources */, B20000000000000000000103 /* TrayPersistence.swift in Sources */, B20000000000000000000104 /* ShareCapture.swift in Sources */, B20000000000000000000106 /* ImageAsset.swift in Sources */, B20000000000000000000107 /* AssetStore.swift in Sources */, B20000000000000000000108 /* NSItemProviderShareItem.swift in Sources */, B20000000000000000000109 /* PDFAsset.swift in Sources */, B20000000000000000000110 /* ContentAnalysis.swift in Sources */, B20000000000000000000111 /* SensitiveContent.swift in Sources */); runOnlyForDeploymentPostprocessing = 0; };
		C30000000000000000000501 /* Sources */ = {isa = PBXSourcesBuildPhase; buildActionMask = 2147483647; files = (C30000000000000000000101 /* PocketTrayControls.swift in Sources */, C30000000000000000000103 /* ControlCaptureHandoff.swift in Sources */); runOnlyForDeploymentPostprocessing = 0; };
		D40000000000000000000501 /* Sources */ = {isa = PBXSourcesBuildPhase; buildActionMask = 2147483647; files = (D40000000000000000000101 /* PocketTrayShellUITests.swift in Sources */); runOnlyForDeploymentPostprocessing = 0; };
/* End PBXSourcesBuildPhase section */

/* Begin PBXTargetDependency section */
		A10000000000000000000202 /* PBXTargetDependency */ = {isa = PBXTargetDependency; target = A10000000000000000000401 /* PocketTray */; targetProxy = A10000000000000000000201 /* PBXContainerItemProxy */; };
		B20000000000000000000202 /* PBXTargetDependency */ = {isa = PBXTargetDependency; target = B20000000000000000000401 /* PocketTrayShare */; targetProxy = B20000000000000000000201 /* PBXContainerItemProxy */; };
		C30000000000000000000202 /* PBXTargetDependency */ = {isa = PBXTargetDependency; target = C30000000000000000000401 /* PocketTrayControls */; targetProxy = C30000000000000000000201 /* PBXContainerItemProxy */; };
		D40000000000000000000202 /* PBXTargetDependency */ = {isa = PBXTargetDependency; target = A10000000000000000000401 /* PocketTray */; targetProxy = D40000000000000000000201 /* PBXContainerItemProxy */; };
/* End PBXTargetDependency section */

/* Begin XCBuildConfiguration section */
		A10000000000000000000801 /* Project Debug */ = {isa = XCBuildConfiguration; buildSettings = {ALWAYS_SEARCH_USER_PATHS = NO; CLANG_ENABLE_MODULES = YES; CLANG_ENABLE_OBJC_ARC = YES; COPY_PHASE_STRIP = NO; DEBUG_INFORMATION_FORMAT = dwarf; ENABLE_STRICT_OBJC_MSGSEND = YES; ENABLE_TESTABILITY = YES; GCC_C_LANGUAGE_STANDARD = gnu17; GCC_NO_COMMON_BLOCKS = YES; GCC_OPTIMIZATION_LEVEL = 0; IPHONEOS_DEPLOYMENT_TARGET = 18.0; MTL_ENABLE_DEBUG_INFO = INCLUDE_SOURCE; SDKROOT = iphoneos; SWIFT_ACTIVE_COMPILATION_CONDITIONS = DEBUG; SWIFT_OPTIMIZATION_LEVEL = "-Onone"; }; name = Debug; };
		A10000000000000000000802 /* Project Release */ = {isa = XCBuildConfiguration; buildSettings = {ALWAYS_SEARCH_USER_PATHS = NO; CLANG_ENABLE_MODULES = YES; CLANG_ENABLE_OBJC_ARC = YES; COPY_PHASE_STRIP = NO; DEBUG_INFORMATION_FORMAT = "dwarf-with-dsym"; ENABLE_NS_ASSERTIONS = NO; ENABLE_STRICT_OBJC_MSGSEND = YES; GCC_C_LANGUAGE_STANDARD = gnu17; GCC_NO_COMMON_BLOCKS = YES; IPHONEOS_DEPLOYMENT_TARGET = 18.0; MTL_ENABLE_DEBUG_INFO = NO; SDKROOT = iphoneos; SWIFT_COMPILATION_MODE = wholemodule; VALIDATE_PRODUCT = YES; }; name = Release; };
		A10000000000000000000803 /* App Debug */ = {isa = XCBuildConfiguration; buildSettings = {CODE_SIGN_ENTITLEMENTS = PocketTray/PocketTray.entitlements; CODE_SIGN_STYLE = Automatic; CURRENT_PROJECT_VERSION = 1; DEVELOPMENT_TEAM = DAA24P9G23; GENERATE_INFOPLIST_FILE = YES; INFOPLIST_KEY_CFBundleDisplayName = "Pocket Tray"; INFOPLIST_KEY_NSCameraUsageDescription = "Take photos to save directly in Pocket Tray."; INFOPLIST_KEY_NSFaceIDUsageDescription = "Unlock Pocket Tray."; INFOPLIST_KEY_UILaunchScreen_Generation = YES; IPHONEOS_DEPLOYMENT_TARGET = 18.0; MARKETING_VERSION = 0.1.0; PRODUCT_BUNDLE_IDENTIFIER = com.pallavk.PocketTray; PRODUCT_NAME = "$(TARGET_NAME)"; REGISTER_APP_GROUPS = YES; SWIFT_EMIT_LOC_STRINGS = YES; SWIFT_VERSION = 6.0; TARGETED_DEVICE_FAMILY = 1; }; name = Debug; };
		A10000000000000000000804 /* App Release */ = {isa = XCBuildConfiguration; buildSettings = {CODE_SIGN_ENTITLEMENTS = PocketTray/PocketTray.entitlements; CODE_SIGN_STYLE = Automatic; CURRENT_PROJECT_VERSION = 1; DEVELOPMENT_TEAM = DAA24P9G23; GENERATE_INFOPLIST_FILE = YES; INFOPLIST_KEY_CFBundleDisplayName = "Pocket Tray"; INFOPLIST_KEY_NSCameraUsageDescription = "Take photos to save directly in Pocket Tray."; INFOPLIST_KEY_NSFaceIDUsageDescription = "Unlock Pocket Tray."; INFOPLIST_KEY_UILaunchScreen_Generation = YES; IPHONEOS_DEPLOYMENT_TARGET = 18.0; MARKETING_VERSION = 0.1.0; PRODUCT_BUNDLE_IDENTIFIER = com.pallavk.PocketTray; PRODUCT_NAME = "$(TARGET_NAME)"; REGISTER_APP_GROUPS = YES; SWIFT_EMIT_LOC_STRINGS = YES; SWIFT_VERSION = 6.0; TARGETED_DEVICE_FAMILY = 1; }; name = Release; };
		A10000000000000000000805 /* Tests Debug */ = {isa = XCBuildConfiguration; buildSettings = {BUNDLE_LOADER = "$(TEST_HOST)"; CODE_SIGN_STYLE = Automatic; CURRENT_PROJECT_VERSION = 1; DEVELOPMENT_TEAM = DAA24P9G23; GENERATE_INFOPLIST_FILE = YES; IPHONEOS_DEPLOYMENT_TARGET = 18.0; PRODUCT_BUNDLE_IDENTIFIER = com.pallavk.PocketTrayTests; PRODUCT_NAME = "$(TARGET_NAME)"; SWIFT_VERSION = 6.0; TARGETED_DEVICE_FAMILY = 1; TEST_HOST = "$(BUILT_PRODUCTS_DIR)/PocketTray.app/$(BUNDLE_EXECUTABLE_FOLDER_PATH)/PocketTray"; }; name = Debug; };
		A10000000000000000000806 /* Tests Release */ = {isa = XCBuildConfiguration; buildSettings = {BUNDLE_LOADER = "$(TEST_HOST)"; CODE_SIGN_STYLE = Automatic; CURRENT_PROJECT_VERSION = 1; DEVELOPMENT_TEAM = DAA24P9G23; GENERATE_INFOPLIST_FILE = YES; IPHONEOS_DEPLOYMENT_TARGET = 18.0; PRODUCT_BUNDLE_IDENTIFIER = com.pallavk.PocketTrayTests; PRODUCT_NAME = "$(TARGET_NAME)"; SWIFT_VERSION = 6.0; TARGETED_DEVICE_FAMILY = 1; TEST_HOST = "$(BUILT_PRODUCTS_DIR)/PocketTray.app/$(BUNDLE_EXECUTABLE_FOLDER_PATH)/PocketTray"; }; name = Release; };
		B20000000000000000000803 /* Share Debug */ = {isa = XCBuildConfiguration; buildSettings = {APPLICATION_EXTENSION_API_ONLY = YES; CODE_SIGN_ENTITLEMENTS = PocketTrayShare/PocketTrayShare.entitlements; CODE_SIGN_STYLE = Automatic; CURRENT_PROJECT_VERSION = 1; DEVELOPMENT_TEAM = DAA24P9G23; GENERATE_INFOPLIST_FILE = NO; INFOPLIST_FILE = PocketTrayShare/Info.plist; IPHONEOS_DEPLOYMENT_TARGET = 18.0; MARKETING_VERSION = 0.1.0; PRODUCT_BUNDLE_IDENTIFIER = com.pallavk.PocketTray.ShareExtension; PRODUCT_NAME = "$(TARGET_NAME)"; REGISTER_APP_GROUPS = YES; SKIP_INSTALL = YES; SWIFT_EMIT_LOC_STRINGS = YES; SWIFT_VERSION = 6.0; TARGETED_DEVICE_FAMILY = 1; }; name = Debug; };
		B20000000000000000000804 /* Share Release */ = {isa = XCBuildConfiguration; buildSettings = {APPLICATION_EXTENSION_API_ONLY = YES; CODE_SIGN_ENTITLEMENTS = PocketTrayShare/PocketTrayShare.entitlements; CODE_SIGN_STYLE = Automatic; CURRENT_PROJECT_VERSION = 1; DEVELOPMENT_TEAM = DAA24P9G23; GENERATE_INFOPLIST_FILE = NO; INFOPLIST_FILE = PocketTrayShare/Info.plist; IPHONEOS_DEPLOYMENT_TARGET = 18.0; MARKETING_VERSION = 0.1.0; PRODUCT_BUNDLE_IDENTIFIER = com.pallavk.PocketTray.ShareExtension; PRODUCT_NAME = "$(TARGET_NAME)"; REGISTER_APP_GROUPS = YES; SKIP_INSTALL = YES; SWIFT_EMIT_LOC_STRINGS = YES; SWIFT_VERSION = 6.0; TARGETED_DEVICE_FAMILY = 1; }; name = Release; };
		C30000000000000000000803 /* Controls Debug */ = {isa = XCBuildConfiguration; buildSettings = {APPLICATION_EXTENSION_API_ONLY = YES; CODE_SIGN_ENTITLEMENTS = PocketTrayControls/PocketTrayControls.entitlements; CODE_SIGN_STYLE = Automatic; CURRENT_PROJECT_VERSION = 1; DEVELOPMENT_TEAM = DAA24P9G23; GENERATE_INFOPLIST_FILE = NO; INFOPLIST_FILE = PocketTrayControls/Info.plist; IPHONEOS_DEPLOYMENT_TARGET = 18.0; MARKETING_VERSION = 0.1.0; PRODUCT_BUNDLE_IDENTIFIER = com.pallavk.PocketTray.Controls; PRODUCT_NAME = "$(TARGET_NAME)"; REGISTER_APP_GROUPS = YES; SKIP_INSTALL = YES; SWIFT_EMIT_LOC_STRINGS = YES; SWIFT_VERSION = 6.0; TARGETED_DEVICE_FAMILY = 1; }; name = Debug; };
		C30000000000000000000804 /* Controls Release */ = {isa = XCBuildConfiguration; buildSettings = {APPLICATION_EXTENSION_API_ONLY = YES; CODE_SIGN_ENTITLEMENTS = PocketTrayControls/PocketTrayControls.entitlements; CODE_SIGN_STYLE = Automatic; CURRENT_PROJECT_VERSION = 1; DEVELOPMENT_TEAM = DAA24P9G23; GENERATE_INFOPLIST_FILE = NO; INFOPLIST_FILE = PocketTrayControls/Info.plist; IPHONEOS_DEPLOYMENT_TARGET = 18.0; MARKETING_VERSION = 0.1.0; PRODUCT_BUNDLE_IDENTIFIER = com.pallavk.PocketTray.Controls; PRODUCT_NAME = "$(TARGET_NAME)"; REGISTER_APP_GROUPS = YES; SKIP_INSTALL = YES; SWIFT_EMIT_LOC_STRINGS = YES; SWIFT_VERSION = 6.0; TARGETED_DEVICE_FAMILY = 1; }; name = Release; };
		D40000000000000000000801 /* UI Tests Debug */ = {isa = XCBuildConfiguration; buildSettings = {CODE_SIGN_STYLE = Automatic; CURRENT_PROJECT_VERSION = 1; DEVELOPMENT_TEAM = DAA24P9G23; GENERATE_INFOPLIST_FILE = YES; IPHONEOS_DEPLOYMENT_TARGET = 18.0; PRODUCT_BUNDLE_IDENTIFIER = com.pallavk.PocketTrayUITests; PRODUCT_NAME = "$(TARGET_NAME)"; SWIFT_VERSION = 6.0; TARGETED_DEVICE_FAMILY = 1; TEST_TARGET_NAME = PocketTray; }; name = Debug; };
		D40000000000000000000802 /* UI Tests Release */ = {isa = XCBuildConfiguration; buildSettings = {CODE_SIGN_STYLE = Automatic; CURRENT_PROJECT_VERSION = 1; DEVELOPMENT_TEAM = DAA24P9G23; GENERATE_INFOPLIST_FILE = YES; IPHONEOS_DEPLOYMENT_TARGET = 18.0; PRODUCT_BUNDLE_IDENTIFIER = com.pallavk.PocketTrayUITests; PRODUCT_NAME = "$(TARGET_NAME)"; SWIFT_VERSION = 6.0; TARGETED_DEVICE_FAMILY = 1; TEST_TARGET_NAME = PocketTray; }; name = Release; };
/* End XCBuildConfiguration section */

/* Begin XCConfigurationList section */
		A10000000000000000000701 /* Build configuration list for PBXNativeTarget "PocketTray" */ = {isa = XCConfigurationList; buildConfigurations = (A10000000000000000000803 /* App Debug */, A10000000000000000000804 /* App Release */); defaultConfigurationIsVisible = 0; defaultConfigurationName = Release; };
		A10000000000000000000702 /* Build configuration list for PBXNativeTarget "PocketTrayTests" */ = {isa = XCConfigurationList; buildConfigurations = (A10000000000000000000805 /* Tests Debug */, A10000000000000000000806 /* Tests Release */); defaultConfigurationIsVisible = 0; defaultConfigurationName = Release; };
		A10000000000000000000703 /* Build configuration list for PBXProject "PocketTray" */ = {isa = XCConfigurationList; buildConfigurations = (A10000000000000000000801 /* Project Debug */, A10000000000000000000802 /* Project Release */); defaultConfigurationIsVisible = 0; defaultConfigurationName = Release; };
		B20000000000000000000701 /* Build configuration list for PBXNativeTarget "PocketTrayShare" */ = {isa = XCConfigurationList; buildConfigurations = (B20000000000000000000803 /* Share Debug */, B20000000000000000000804 /* Share Release */); defaultConfigurationIsVisible = 0; defaultConfigurationName = Release; };
		C30000000000000000000701 /* Build configuration list for PBXNativeTarget "PocketTrayControls" */ = {isa = XCConfigurationList; buildConfigurations = (C30000000000000000000803 /* Controls Debug */, C30000000000000000000804 /* Controls Release */); defaultConfigurationIsVisible = 0; defaultConfigurationName = Release; };
		D40000000000000000000701 /* Build configuration list for PBXNativeTarget "PocketTrayUITests" */ = {isa = XCConfigurationList; buildConfigurations = (D40000000000000000000801 /* UI Tests Debug */, D40000000000000000000802 /* UI Tests Release */); defaultConfigurationIsVisible = 0; defaultConfigurationName = Release; };
/* End XCConfigurationList section */
	};
	rootObject = A10000000000000000000601 /* Project object */;
}
